// !$*UTF8*$!
{
	archiveVersion = 1;
	classes = {
	};
	objectVersion = 48;
	objects = {

/* Begin PBXBuildFile section */
		E83F4AC71F73ED63006B6123 /* StroachPullDownView_iOS.framework in Frameworks */ = {isa = PBXBuildFile; fileRef = E83F4ABD1F73ED62006B6123 /* StroachPullDownView_iOS.framework */; };
		E83F4ACC1F73ED63006B6123 /* StroachPullDownView_iOSTests.swift in Sources */ = {isa = PBXBuildFile; fileRef = E83F4ACB1F73ED63006B6123 /* StroachPullDownView_iOSTests.swift */; };
		E8C25C4E1F7BFF3C0020E9B4 /* StroachPullDownView.swift in Sources */ = {isa = PBXBuildFile; fileRef = E8C25C4A1F7BFF3C0020E9B4 /* StroachPullDownView.swift */; };
		E8C25C4F1F7BFF3C0020E9B4 /* StroachPullDownBar.swift in Sources */ = {isa = PBXBuildFile; fileRef = E8C25C4B1F7BFF3C0020E9B4 /* StroachPullDownBar.swift */; };
		E8C25C501F7BFF3C0020E9B4 /* StroachPullDownSegments.swift in Sources */ = {isa = PBXBuildFile; fileRef = E8C25C4C1F7BFF3C0020E9B4 /* StroachPullDownSegments.swift */; };
		E8C25C511F7BFF3C0020E9B4 /* StroachPullDownTitle.swift in Sources */ = {isa = PBXBuildFile; fileRef = E8C25C4D1F7BFF3C0020E9B4 /* StroachPullDownTitle.swift */; };
		F031896A29A756FD5F1246A3 /* Pods_StroachPullDownView_iOS.framework in Frameworks */ = {isa = PBXBuildFile; fileRef = 296C0076470ED903EDDCD3BA /* Pods_StroachPullDownView_iOS.framework */; };
		FC54C80E7D5B01F57D8313A8 /* Pods_StroachPullDownView_iOSTests.framework in Frameworks */ = {isa = PBXBuildFile; fileRef = 71709AEB605D2090BB39C290 /* Pods_StroachPullDownView_iOSTests.framework */; };
/* End PBXBuildFile section */

/* Begin PBXContainerItemProxy section */
		E83F4AC81F73ED63006B6123 /* PBXContainerItemProxy */ = {
			isa = PBXContainerItemProxy;
			containerPortal = E83F4AB41F73ED62006B6123 /* Project object */;
			proxyType = 1;
			remoteGlobalIDString = E83F4ABC1F73ED62006B6123;
			remoteInfo = StroachPullDownView_iOS;
		};
/* End PBXContainerItemProxy section */

/* Begin PBXFileReference section */
		078155DB3DEDD5CF722F4E7D /* Pods-StroachPullDownView_iOSTests.release.xcconfig */ = {isa = PBXFileReference; includeInIndex = 1; lastKnownFileType = text.xcconfig; name = "Pods-StroachPullDownView_iOSTests.release.xcconfig"; path = "Pods/Target Support Files/Pods-StroachPullDownView_iOSTests/Pods-StroachPullDownView_iOSTests.release.xcconfig"; sourceTree = "<group>"; };
		296C0076470ED903EDDCD3BA /* Pods_StroachPullDownView_iOS.framework */ = {isa = PBXFileReference; explicitFileType = wrapper.framework; includeInIndex = 0; path = Pods_StroachPullDownView_iOS.framework; sourceTree = BUILT_PRODUCTS_DIR; };
		71709AEB605D2090BB39C290 /* Pods_StroachPullDownView_iOSTests.framework */ = {isa = PBXFileReference; explicitFileType = wrapper.framework; includeInIndex = 0; path = Pods_StroachPullDownView_iOSTests.framework; sourceTree = BUILT_PRODUCTS_DIR; };
		A0A40DF89C4C5FE6772D2385 /* Pods-StroachPullDownView_iOSTests.debug.xcconfig */ = {isa = PBXFileReference; includeInIndex = 1; lastKnownFileType = text.xcconfig; name = "Pods-StroachPullDownView_iOSTests.debug.xcconfig"; path = "Pods/Target Support Files/Pods-StroachPullDownView_iOSTests/Pods-StroachPullDownView_iOSTests.debug.xcconfig"; sourceTree = "<group>"; };
		E5B27378FFE825CF6E4AD831 /* Pods-StroachPullDownView_iOS.release.xcconfig */ = {isa = PBXFileReference; includeInIndex = 1; lastKnownFileType = text.xcconfig; name = "Pods-StroachPullDownView_iOS.release.xcconfig"; path = "Pods/Target Support Files/Pods-StroachPullDownView_iOS/Pods-StroachPullDownView_iOS.release.xcconfig"; sourceTree = "<group>"; };
		E83F4ABD1F73ED62006B6123 /* StroachPullDownView_iOS.framework */ = {isa = PBXFileReference; explicitFileType = wrapper.framework; includeInIndex = 0; path = StroachPullDownView_iOS.framework; sourceTree = BUILT_PRODUCTS_DIR; };
		E83F4AC11F73ED63006B6123 /* Info.plist */ = {isa = PBXFileReference; lastKnownFileType = text.plist.xml; path = Info.plist; sourceTree = "<group>"; };
		E83F4AC61F73ED63006B6123 /* StroachPullDownView_iOSTests.xctest */ = {isa = PBXFileReference; explicitFileType = wrapper.cfbundle; includeInIndex = 0; path = StroachPullDownView_iOSTests.xctest; sourceTree = BUILT_PRODUCTS_DIR; };
		E83F4ACB1F73ED63006B6123 /* StroachPullDownView_iOSTests.swift */ = {isa = PBXFileReference; lastKnownFileType = sourcecode.swift; path = StroachPullDownView_iOSTests.swift; sourceTree = "<group>"; };
		E83F4ACD1F73ED63006B6123 /* Info.plist */ = {isa = PBXFileReference; lastKnownFileType = text.plist.xml; path = Info.plist; sourceTree = "<group>"; };
		E8C25C4A1F7BFF3C0020E9B4 /* StroachPullDownView.swift */ = {isa = PBXFileReference; fileEncoding = 4; lastKnownFileType = sourcecode.swift; path = StroachPullDownView.swift; sourceTree = "<group>"; };
		E8C25C4B1F7BFF3C0020E9B4 /* StroachPullDownBar.swift */ = {isa = PBXFileReference; fileEncoding = 4; lastKnownFileType = sourcecode.swift; path = StroachPullDownBar.swift; sourceTree = "<group>"; };
		E8C25C4C1F7BFF3C0020E9B4 /* StroachPullDownSegments.swift */ = {isa = PBXFileReference; fileEncoding = 4; lastKnownFileType = sourcecode.swift; path = StroachPullDownSegments.swift; sourceTree = "<group>"; };
		E8C25C4D1F7BFF3C0020E9B4 /* StroachPullDownTitle.swift */ = {isa = PBXFileReference; fileEncoding = 4; lastKnownFileType = sourcecode.swift; path = StroachPullDownTitle.swift; sourceTree = "<group>"; };
		FEE85C8239E5B2862766A421 /* Pods-StroachPullDownView_iOS.debug.xcconfig */ = {isa = PBXFileReference; includeInIndex = 1; lastKnownFileType = text.xcconfig; name = "Pods-StroachPullDownView_iOS.debug.xcconfig"; path = "Pods/Target Support Files/Pods-StroachPullDownView_iOS/Pods-StroachPullDownView_iOS.debug.xcconfig"; sourceTree = "<group>"; };
/* End PBXFileReference section */

/* Begin PBXFrameworksBuildPhase section */
		E83F4AB91F73ED62006B6123 /* Frameworks */ = {
			isa = PBXFrameworksBuildPhase;
			buildActionMask = 2147483647;
			files = (
				F031896A29A756FD5F1246A3 /* Pods_StroachPullDownView_iOS.framework in Frameworks */,
			);
			runOnlyForDeploymentPostprocessing = 0;
		};
		E83F4AC31F73ED63006B6123 /* Frameworks */ = {
			isa = PBXFrameworksBuildPhase;
			buildActionMask = 2147483647;
			files = (
				E83F4AC71F73ED63006B6123 /* StroachPullDownView_iOS.framework in Frameworks */,
				FC54C80E7D5B01F57D8313A8 /* Pods_StroachPullDownView_iOSTests.framework in Frameworks */,
			);
			runOnlyForDeploymentPostprocessing = 0;
		};
/* End PBXFrameworksBuildPhase section */

/* Begin PBXGroup section */
		86539A4F098034AC50679496 /* Pods */ = {
			isa = PBXGroup;
			children = (
				FEE85C8239E5B2862766A421 /* Pods-StroachPullDownView_iOS.debug.xcconfig */,
				E5B27378FFE825CF6E4AD831 /* Pods-StroachPullDownView_iOS.release.xcconfig */,
				A0A40DF89C4C5FE6772D2385 /* Pods-StroachPullDownView_iOSTests.debug.xcconfig */,
				078155DB3DEDD5CF722F4E7D /* Pods-StroachPullDownView_iOSTests.release.xcconfig */,
			);
			name = Pods;
			sourceTree = "<group>";
		};
		8E3D2B0A00D8B447D356A0BE /* Frameworks */ = {
			isa = PBXGroup;
			children = (
				296C0076470ED903EDDCD3BA /* Pods_StroachPullDownView_iOS.framework */,
				71709AEB605D2090BB39C290 /* Pods_StroachPullDownView_iOSTests.framework */,
			);
			name = Frameworks;
			sourceTree = "<group>";
		};
		E83F4AB31F73ED62006B6123 = {
			isa = PBXGroup;
			children = (
				E83F4ABF1F73ED62006B6123 /* StroachPullDownView_iOS */,
				E83F4ACA1F73ED63006B6123 /* StroachPullDownView_iOSTests */,
				E83F4ABE1F73ED62006B6123 /* Products */,
				86539A4F098034AC50679496 /* Pods */,
				8E3D2B0A00D8B447D356A0BE /* Frameworks */,
			);
			sourceTree = "<group>";
		};
		E83F4ABE1F73ED62006B6123 /* Products */ = {
			isa = PBXGroup;
			children = (
				E83F4ABD1F73ED62006B6123 /* StroachPullDownView_iOS.framework */,
				E83F4AC61F73ED63006B6123 /* StroachPullDownView_iOSTests.xctest */,
			);
			name = Products;
			sourceTree = "<group>";
		};
		E83F4ABF1F73ED62006B6123 /* StroachPullDownView_iOS */ = {
			isa = PBXGroup;
			children = (
				E8C25C4B1F7BFF3C0020E9B4 /* StroachPullDownBar.swift */,
				E8C25C4C1F7BFF3C0020E9B4 /* StroachPullDownSegments.swift */,
				E8C25C4D1F7BFF3C0020E9B4 /* StroachPullDownTitle.swift */,
				E8C25C4A1F7BFF3C0020E9B4 /* StroachPullDownView.swift */,
				E83F4AC11F73ED63006B6123 /* Info.plist */,
			);
			path = StroachPullDownView_iOS;
			sourceTree = "<group>";
		};
		E83F4ACA1F73ED63006B6123 /* StroachPullDownView_iOSTests */ = {
			isa = PBXGroup;
			children = (
				E83F4ACB1F73ED63006B6123 /* StroachPullDownView_iOSTests.swift */,
				E83F4ACD1F73ED63006B6123 /* Info.plist */,
			);
			path = StroachPullDownView_iOSTests;
			sourceTree = "<group>";
		};
/* End PBXGroup section */

/* Begin PBXHeadersBuildPhase section */
		E83F4ABA1F73ED62006B6123 /* Headers */ = {
			isa = PBXHeadersBuildPhase;
			buildActionMask = 2147483647;
			files = (
			);
			runOnlyForDeploymentPostprocessing = 0;
		};
/* End PBXHeadersBuildPhase section */

/* Begin PBXNativeTarget section */
		E83F4ABC1F73ED62006B6123 /* StroachPullDownView_iOS */ = {
			isa = PBXNativeTarget;
			buildConfigurationList = E83F4AD11F73ED63006B6123 /* Build configuration list for PBXNativeTarget "StroachPullDownView_iOS" */;
			buildPhases = (
				DC067201797C92778B8B4A50 /* [CP] Check Pods Manifest.lock */,
				E83F4AB81F73ED62006B6123 /* Sources */,
				E83F4AB91F73ED62006B6123 /* Frameworks */,
				E83F4ABA1F73ED62006B6123 /* Headers */,
				E83F4ABB1F73ED62006B6123 /* Resources */,
				BB0C304DEFDAFBC98B6D11CA /* [CP] Copy Pods Resources */,
			);
			buildRules = (
			);
			dependencies = (
			);
			name = StroachPullDownView_iOS;
			productName = StroachPullDownView_iOS;
			productReference = E83F4ABD1F73ED62006B6123 /* StroachPullDownView_iOS.framework */;
			productType = "com.apple.product-type.framework";
		};
		E83F4AC51F73ED63006B6123 /* StroachPullDownView_iOSTests */ = {
			isa = PBXNativeTarget;
			buildConfigurationList = E83F4AD41F73ED63006B6123 /* Build configuration list for PBXNativeTarget "StroachPullDownView_iOSTests" */;
			buildPhases = (
				35F8AF7B5EF5FC81656D5828 /* [CP] Check Pods Manifest.lock */,
				E83F4AC21F73ED63006B6123 /* Sources */,
				E83F4AC31F73ED63006B6123 /* Frameworks */,
				E83F4AC41F73ED63006B6123 /* Resources */,
				BE5B30FC465F2079CB4388BB /* [CP] Embed Pods Frameworks */,
				E16BDA84C5015D68048C8422 /* [CP] Copy Pods Resources */,
			);
			buildRules = (
			);
			dependencies = (
				E83F4AC91F73ED63006B6123 /* PBXTargetDependency */,
			);
			name = StroachPullDownView_iOSTests;
			productName = StroachPullDownView_iOSTests;
			productReference = E83F4AC61F73ED63006B6123 /* StroachPullDownView_iOSTests.xctest */;
			productType = "com.apple.product-type.bundle.unit-test";
		};
/* End PBXNativeTarget section */

/* Begin PBXProject section */
		E83F4AB41F73ED62006B6123 /* Project object */ = {
			isa = PBXProject;
			attributes = {
				LastSwiftUpdateCheck = 0900;
				LastUpgradeCheck = 0900;
				ORGANIZATIONNAME = "Lukas Trümper";
				TargetAttributes = {
					E83F4ABC1F73ED62006B6123 = {
						CreatedOnToolsVersion = 9.0;
						LastSwiftMigration = 0900;
						ProvisioningStyle = Automatic;
					};
					E83F4AC51F73ED63006B6123 = {
						CreatedOnToolsVersion = 9.0;
						ProvisioningStyle = Automatic;
					};
				};
			};
			buildConfigurationList = E83F4AB71F73ED62006B6123 /* Build configuration list for PBXProject "StroachPullDownView_iOS" */;
			compatibilityVersion = "Xcode 8.0";
			developmentRegion = en;
			hasScannedForEncodings = 0;
			knownRegions = (
				en,
			);
			mainGroup = E83F4AB31F73ED62006B6123;
			productRefGroup = E83F4ABE1F73ED62006B6123 /* Products */;
			projectDirPath = "";
			projectRoot = "";
			targets = (
				E83F4ABC1F73ED62006B6123 /* StroachPullDownView_iOS */,
				E83F4AC51F73ED63006B6123 /* StroachPullDownView_iOSTests */,
			);
		};
/* End PBXProject section */

/* Begin PBXResourcesBuildPhase section */
		E83F4ABB1F73ED62006B6123 /* Resources */ = {
			isa = PBXResourcesBuildPhase;
			buildActionMask = 2147483647;
			files = (
			);
			runOnlyForDeploymentPostprocessing = 0;
		};
		E83F4AC41F73ED63006B6123 /* Resources */ = {
			isa = PBXResourcesBuildPhase;
			buildActionMask = 2147483647;
			files = (
			);
			runOnlyForDeploymentPostprocessing = 0;
		};
/* End PBXResourcesBuildPhase section */

/* Begin PBXShellScriptBuildPhase section */
		35F8AF7B5EF5FC81656D5828 /* [CP] Check Pods Manifest.lock */ = {
			isa = PBXShellScriptBuildPhase;
			buildActionMask = 2147483647;
			files = (
			);
			inputPaths = (
				"${PODS_PODFILE_DIR_PATH}/Podfile.lock",
				"${PODS_ROOT}/Manifest.lock",
			);
			name = "[CP] Check Pods Manifest.lock";
			outputPaths = (
				"$(DERIVED_FILE_DIR)/Pods-StroachPullDownView_iOSTests-checkManifestLockResult.txt",
			);
			runOnlyForDeploymentPostprocessing = 0;
			shellPath = /bin/sh;
			shellScript = "diff \"${PODS_PODFILE_DIR_PATH}/Podfile.lock\" \"${PODS_ROOT}/Manifest.lock\" > /dev/null\nif [ $? != 0 ] ; then\n    # print error to STDERR\n    echo \"error: The sandbox is not in sync with the Podfile.lock. Run 'pod install' or update your CocoaPods installation.\" >&2\n    exit 1\nfi\n# This output is used by Xcode 'outputs' to avoid re-running this script phase.\necho \"SUCCESS\" > \"${SCRIPT_OUTPUT_FILE_0}\"\n";
			showEnvVarsInLog = 0;
		};
		BB0C304DEFDAFBC98B6D11CA /* [CP] Copy Pods Resources */ = {
			isa = PBXShellScriptBuildPhase;
			buildActionMask = 2147483647;
			files = (
			);
			inputPaths = (
			);
			name = "[CP] Copy Pods Resources";
			outputPaths = (
			);
			runOnlyForDeploymentPostprocessing = 0;
			shellPath = /bin/sh;
			shellScript = "\"${SRCROOT}/Pods/Target Support Files/Pods-StroachPullDownView_iOS/Pods-StroachPullDownView_iOS-resources.sh\"\n";
			showEnvVarsInLog = 0;
		};
		BE5B30FC465F2079CB4388BB /* [CP] Embed Pods Frameworks */ = {
			isa = PBXShellScriptBuildPhase;
			buildActionMask = 2147483647;
			files = (
			);
			inputPaths = (
			);
			name = "[CP] Embed Pods Frameworks";
			outputPaths = (
			);
			runOnlyForDeploymentPostprocessing = 0;
			shellPath = /bin/sh;
			shellScript = "\"${SRCROOT}/Pods/Target Support Files/Pods-StroachPullDownView_iOSTests/Pods-StroachPullDownView_iOSTests-frameworks.sh\"\n";
			showEnvVarsInLog = 0;
		};
		DC067201797C92778B8B4A50 /* [CP] Check Pods Manifest.lock */ = {
			isa = PBXShellScriptBuildPhase;
			buildActionMask = 2147483647;
			files = (
			);
			inputPaths = (
				"${PODS_PODFILE_DIR_PATH}/Podfile.lock",
				"${PODS_ROOT}/Manifest.lock",
			);
			name = "[CP] Check Pods Manifest.lock";
			outputPaths = (
				"$(DERIVED_FILE_DIR)/Pods-StroachPullDownView_iOS-checkManifestLockResult.txt",
			);
			runOnlyForDeploymentPostprocessing = 0;
			shellPath = /bin/sh;
			shellScript = "diff \"${PODS_PODFILE_DIR_PATH}/Podfile.lock\" \"${PODS_ROOT}/Manifest.lock\" > /dev/null\nif [ $? != 0 ] ; then\n    # print error to STDERR\n    echo \"error: The sandbox is not in sync with the Podfile.lock. Run 'pod install' or update your CocoaPods installation.\" >&2\n    exit 1\nfi\n# This output is used by Xcode 'outputs' to avoid re-running this script phase.\necho \"SUCCESS\" > \"${SCRIPT_OUTPUT_FILE_0}\"\n";
			showEnvVarsInLog = 0;
		};
		E16BDA84C5015D68048C8422 /* [CP] Copy Pods Resources */ = {
			isa = PBXShellScriptBuildPhase;
			buildActionMask = 2147483647;
			files = (
			);
			inputPaths = (
			);
			name = "[CP] Copy Pods Resources";
			outputPaths = (
			);
			runOnlyForDeploymentPostprocessing = 0;
			shellPath = /bin/sh;
			shellScript = "\"${SRCROOT}/Pods/Target Support Files/Pods-StroachPullDownView_iOSTests/Pods-StroachPullDownView_iOSTests-resources.sh\"\n";
			showEnvVarsInLog = 0;
		};
/* End PBXShellScriptBuildPhase section */

/* Begin PBXSourcesBuildPhase section */
		E83F4AB81F73ED62006B6123 /* Sources */ = {
			isa = PBXSourcesBuildPhase;
			buildActionMask = 2147483647;
			files = (
				E8C25C511F7BFF3C0020E9B4 /* StroachPullDownTitle.swift in Sources */,
				E8C25C501F7BFF3C0020E9B4 /* StroachPullDownSegments.swift in Sources */,
				E8C25C4E1F7BFF3C0020E9B4 /* StroachPullDownView.swift in Sources */,
				E8C25C4F1F7BFF3C0020E9B4 /* StroachPullDownBar.swift in Sources */,
			);
			runOnlyForDeploymentPostprocessing = 0;
		};
		E83F4AC21F73ED63006B6123 /* Sources */ = {
			isa = PBXSourcesBuildPhase;
			buildActionMask = 2147483647;
			files = (
				E83F4ACC1F73ED63006B6123 /* StroachPullDownView_iOSTests.swift in Sources */,
			);
			runOnlyForDeploymentPostprocessing = 0;
		};
/* End PBXSourcesBuildPhase section */

/* Begin PBXTargetDependency section */
		E83F4AC91F73ED63006B6123 /* PBXTargetDependency */ = {
			isa = PBXTargetDependency;
			target = E83F4ABC1F73ED62006B6123 /* StroachPullDownView_iOS */;
			targetProxy = E83F4AC81F73ED63006B6123 /* PBXContainerItemProxy */;
		};
/* End PBXTargetDependency section */

/* Begin XCBuildConfiguration section */
		E83F4ACF1F73ED63006B6123 /* Debug */ = {
			isa = XCBuildConfiguration;
			buildSettings = {
				ALWAYS_SEARCH_USER_PATHS = NO;
				CLANG_ANALYZER_NONNULL = YES;
				CLANG_ANALYZER_NUMBER_OBJECT_CONVERSION = YES_AGGRESSIVE;
				CLANG_CXX_LANGUAGE_STANDARD = "gnu++14";
				CLANG_CXX_LIBRARY = "libc++";
				CLANG_ENABLE_MODULES = YES;
				CLANG_ENABLE_OBJC_ARC = YES;
				CLANG_WARN_BLOCK_CAPTURE_AUTORELEASING = YES;
				CLANG_WARN_BOOL_CONVERSION = YES;
				CLANG_WARN_COMMA = YES;
				CLANG_WARN_CONSTANT_CONVERSION = YES;
				CLANG_WARN_DIRECT_OBJC_ISA_USAGE = YES_ERROR;
				CLANG_WARN_DOCUMENTATION_COMMENTS = YES;
				CLANG_WARN_EMPTY_BODY = YES;
				CLANG_WARN_ENUM_CONVERSION = YES;
				CLANG_WARN_INFINITE_RECURSION = YES;
				CLANG_WARN_INT_CONVERSION = YES;
				CLANG_WARN_NON_LITERAL_NULL_CONVERSION = YES;
				CLANG_WARN_OBJC_LITERAL_CONVERSION = YES;
				CLANG_WARN_OBJC_ROOT_CLASS = YES_ERROR;
				CLANG_WARN_RANGE_LOOP_ANALYSIS = YES;
				CLANG_WARN_STRICT_PROTOTYPES = YES;
				CLANG_WARN_SUSPICIOUS_MOVE = YES;
				CLANG_WARN_UNGUARDED_AVAILABILITY = YES_AGGRESSIVE;
				CLANG_WARN_UNREACHABLE_CODE = YES;
				CLANG_WARN__DUPLICATE_METHOD_MATCH = YES;
				CODE_SIGN_IDENTITY = "iPhone Developer";
				COPY_PHASE_STRIP = NO;
				CURRENT_PROJECT_VERSION = 1;
				DEBUG_INFORMATION_FORMAT = dwarf;
				ENABLE_STRICT_OBJC_MSGSEND = YES;
				ENABLE_TESTABILITY = YES;
				GCC_C_LANGUAGE_STANDARD = gnu11;
				GCC_DYNAMIC_NO_PIC = NO;
				GCC_NO_COMMON_BLOCKS = YES;
				GCC_OPTIMIZATION_LEVEL = 0;
				GCC_PREPROCESSOR_DEFINITIONS = (
					"DEBUG=1",
					"$(inherited)",
				);
				GCC_WARN_64_TO_32_BIT_CONVERSION = YES;
				GCC_WARN_ABOUT_RETURN_TYPE = YES_ERROR;
				GCC_WARN_UNDECLARED_SELECTOR = YES;
				GCC_WARN_UNINITIALIZED_AUTOS = YES_AGGRESSIVE;
				GCC_WARN_UNUSED_FUNCTION = YES;
				GCC_WARN_UNUSED_VARIABLE = YES;
				IPHONEOS_DEPLOYMENT_TARGET = 11.0;
				MTL_ENABLE_DEBUG_INFO = YES;
				ONLY_ACTIVE_ARCH = YES;
				SDKROOT = iphoneos;
				SWIFT_ACTIVE_COMPILATION_CONDITIONS = DEBUG;
				SWIFT_OPTIMIZATION_LEVEL = "-Onone";
				VERSIONING_SYSTEM = "apple-generic";
				VERSION_INFO_PREFIX = "";
			};
			name = Debug;
		};
		E83F4AD01F73ED63006B6123 /* Release */ = {
			isa = XCBuildConfiguration;
			buildSettings = {
				ALWAYS_SEARCH_USER_PATHS = NO;
				CLANG_ANALYZER_NONNULL = YES;
				CLANG_ANALYZER_NUMBER_OBJECT_CONVERSION = YES_AGGRESSIVE;
				CLANG_CXX_LANGUAGE_STANDARD = "gnu++14";
				CLANG_CXX_LIBRARY = "libc++";
				CLANG_ENABLE_MODULES = YES;
				CLANG_ENABLE_OBJC_ARC = YES;
				CLANG_WARN_BLOCK_CAPTURE_AUTORELEASING = YES;
				CLANG_WARN_BOOL_CONVERSION = YES;
				CLANG_WARN_COMMA = YES;
				CLANG_WARN_CONSTANT_CONVERSION = YES;
				CLANG_WARN_DIRECT_OBJC_ISA_USAGE = YES_ERROR;
				CLANG_WARN_DOCUMENTATION_COMMENTS = YES;
				CLANG_WARN_EMPTY_BODY = YES;
				CLANG_WARN_ENUM_CONVERSION = YES;
				CLANG_WARN_INFINITE_RECURSION = YES;
				CLANG_WARN_INT_CONVERSION = YES;
				CLANG_WARN_NON_LITERAL_NULL_CONVERSION = YES;
				CLANG_WARN_OBJC_LITERAL_CONVERSION = YES;
				CLANG_WARN_OBJC_ROOT_CLASS = YES_ERROR;
				CLANG_WARN_RANGE_LOOP_ANALYSIS = YES;
				CLANG_WARN_STRICT_PROTOTYPES = YES;
				CLANG_WARN_SUSPICIOUS_MOVE = YES;
				CLANG_WARN_UNGUARDED_AVAILABILITY = YES_AGGRESSIVE;
				CLANG_WARN_UNREACHABLE_CODE = YES;
				CLANG_WARN__DUPLICATE_METHOD_MATCH = YES;
				CODE_SIGN_IDENTITY = "iPhone Developer";
				COPY_PHASE_STRIP = NO;
				CURRENT_PROJECT_VERSION = 1;
				DEBUG_INFORMATION_FORMAT = "dwarf-with-dsym";
				ENABLE_NS_ASSERTIONS = NO;
				ENABLE_STRICT_OBJC_MSGSEND = YES;
				GCC_C_LANGUAGE_STANDARD = gnu11;
				GCC_NO_COMMON_BLOCKS = YES;
				GCC_WARN_64_TO_32_BIT_CONVERSION = YES;
				GCC_WARN_ABOUT_RETURN_TYPE = YES_ERROR;
				GCC_WARN_UNDECLARED_SELECTOR = YES;
				GCC_WARN_UNINITIALIZED_AUTOS = YES_AGGRESSIVE;
				GCC_WARN_UNUSED_FUNCTION = YES;
				GCC_WARN_UNUSED_VARIABLE = YES;
				IPHONEOS_DEPLOYMENT_TARGET = 11.0;
				MTL_ENABLE_DEBUG_INFO = NO;
				SDKROOT = iphoneos;
				SWIFT_OPTIMIZATION_LEVEL = "-Owholemodule";
				VALIDATE_PRODUCT = YES;
				VERSIONING_SYSTEM = "apple-generic";
				VERSION_INFO_PREFIX = "";
			};
			name = Release;
		};
		E83F4AD21F73ED63006B6123 /* Debug */ = {
			isa = XCBuildConfiguration;
			baseConfigurationReference = FEE85C8239E5B2862766A421 /* Pods-StroachPullDownView_iOS.debug.xcconfig */;
			buildSettings = {
				CLANG_ENABLE_MODULES = YES;
				CODE_SIGN_IDENTITY = "";
				CODE_SIGN_STYLE = Automatic;
				DEFINES_MODULE = YES;
				DEVELOPMENT_TEAM = 3UCL5P6F53;
				DYLIB_COMPATIBILITY_VERSION = 1;
				DYLIB_CURRENT_VERSION = 1;
				DYLIB_INSTALL_NAME_BASE = "@rpath";
				INFOPLIST_FILE = StroachPullDownView_iOS/Info.plist;
				INSTALL_PATH = "$(LOCAL_LIBRARY_DIR)/Frameworks";
				LD_RUNPATH_SEARCH_PATHS = "$(inherited) @executable_path/Frameworks @loader_path/Frameworks";
				PRODUCT_BUNDLE_IDENTIFIER = "de.lukastruemper.StroachPullDownView-iOS";
				PRODUCT_NAME = "$(TARGET_NAME:c99extidentifier)";
				SKIP_INSTALL = YES;
				SWIFT_OPTIMIZATION_LEVEL = "-Onone";
				SWIFT_VERSION = 4.0;
				TARGETED_DEVICE_FAMILY = "1,2";
			};
			name = Debug;
		};
		E83F4AD31F73ED63006B6123 /* Release */ = {
			isa = XCBuildConfiguration;
			baseConfigurationReference = E5B27378FFE825CF6E4AD831 /* Pods-StroachPullDownView_iOS.release.xcconfig */;
			buildSettings = {
				CLANG_ENABLE_MODULES = YES;
				CODE_SIGN_IDENTITY = "";
				CODE_SIGN_STYLE = Automatic;
				DEFINES_MODULE = YES;
				DEVELOPMENT_TEAM = 3UCL5P6F53;
				DYLIB_COMPATIBILITY_VERSION = 1;
				DYLIB_CURRENT_VERSION = 1;
				DYLIB_INSTALL_NAME_BASE = "@rpath";
				INFOPLIST_FILE = StroachPullDownView_iOS/Info.plist;
				INSTALL_PATH = "$(LOCAL_LIBRARY_DIR)/Frameworks";
				LD_RUNPATH_SEARCH_PATHS = "$(inherited) @executable_path/Frameworks @loader_path/Frameworks";
				PRODUCT_BUNDLE_IDENTIFIER = "de.lukastruemper.StroachPullDownView-iOS";
				PRODUCT_NAME = "$(TARGET_NAME:c99extidentifier)";
				SKIP_INSTALL = YES;
				SWIFT_VERSION = 4.0;
				TARGETED_DEVICE_FAMILY = "1,2";
			};
			name = Release;
		};
		E83F4AD51F73ED63006B6123 /* Debug */ = {
			isa = XCBuildConfiguration;
			baseConfigurationReference = A0A40DF89C4C5FE6772D2385 /* Pods-StroachPullDownView_iOSTests.debug.xcconfig */;
			buildSettings = {
				ALWAYS_EMBED_SWIFT_STANDARD_LIBRARIES = YES;
				CODE_SIGN_STYLE = Automatic;
				DEVELOPMENT_TEAM = 3UCL5P6F53;
				INFOPLIST_FILE = StroachPullDownView_iOSTests/Info.plist;
				LD_RUNPATH_SEARCH_PATHS = "$(inherited) @executable_path/Frameworks @loader_path/Frameworks";
				PRODUCT_BUNDLE_IDENTIFIER = "de.lukastruemper.StroachPullDownView-iOSTests";
				PRODUCT_NAME = "$(TARGET_NAME)";
				SWIFT_VERSION = 4.0;
				TARGETED_DEVICE_FAMILY = "1,2";
			};
			name = Debug;
		};
		E83F4AD61F73ED63006B6123 /* Release */ = {
			isa = XCBuildConfiguration;
			baseConfigurationReference = 078155DB3DEDD5CF722F4E7D /* Pods-StroachPullDownView_iOSTests.release.xcconfig */;
			buildSettings = {
				ALWAYS_EMBED_SWIFT_STANDARD_LIBRARIES = YES;
				CODE_SIGN_STYLE = Automatic;
				DEVELOPMENT_TEAM = 3UCL5P6F53;
				INFOPLIST_FILE = StroachPullDownView_iOSTests/Info.plist;
				LD_RUNPATH_SEARCH_PATHS = "$(inherited) @executable_path/Frameworks @loader_path/Frameworks";
				PRODUCT_BUNDLE_IDENTIFIER = "de.lukastruemper.StroachPullDownView-iOSTests";
				PRODUCT_NAME = "$(TARGET_NAME)";
				SWIFT_VERSION = 4.0;
				TARGETED_DEVICE_FAMILY = "1,2";
			};
			name = Release;
		};
/* End XCBuildConfiguration section */

/* Begin XCConfigurationList section */
		E83F4AB71F73ED62006B6123 /* Build configuration list for PBXProject "StroachPullDownView_iOS" */ = {
			isa = XCConfigurationList;
			buildConfigurations = (
				E83F4ACF1F73ED63006B6123 /* Debug */,
				E83F4AD01F73ED63006B6123 /* Release */,
			);
			defaultConfigurationIsVisible = 0;
			defaultConfigurationName = Release;
		};
		E83F4AD11F73ED63006B6123 /* Build configuration list for PBXNativeTarget "StroachPullDownView_iOS" */ = {
			isa = XCConfigurationList;
			buildConfigurations = (
				E83F4AD21F73ED63006B6123 /* Debug */,
				E83F4AD31F73ED63006B6123 /* Release */,
			);
			defaultConfigurationIsVisible = 0;
			defaultConfigurationName = Release;
		};
		E83F4AD41F73ED63006B6123 /* Build configuration list for PBXNativeTarget "StroachPullDownView_iOSTests" */ = {
			isa = XCConfigurationList;
			buildConfigurations = (
				E83F4AD51F73ED63006B6123 /* Debug */,
				E83F4AD61F73ED63006B6123 /* Release */,
			);
			defaultConfigurationIsVisible = 0;
			defaultConfigurationName = Release;
		};
/* End XCConfigurationList section */
	};
	rootObject = E83F4AB41F73ED62006B6123 /* Project object */;
}
